
Microsoft Visual Studio Solution File, Format Version 12.00
# Visual Studio 15
VisualStudioVersion = 15.0.28307.106
MinimumVisualStudioVersion = 10.0.40219.1
Project("{FAE04EC0-301F-11D3-BF4B-00C04F79EFBC}") = "HepsiBurada.DAL", "HepsiBurada.DAL\HepsiBurada.DAL.csproj", "{4DE5DD57-FA41-438E-A6F9-39DD85D96AC7}"
EndProject
Project("{FAE04EC0-301F-11D3-BF4B-00C04F79EFBC}") = "HepsiBurada.MODELS", "HepsiBurada.MODELS\HepsiBurada.MODELS.csproj", "{039DB573-685A-4E27-963F-42058E09B740}"
EndProject
Project("{FAE04EC0-301F-11D3-BF4B-00C04F79EFBC}") = "HepsiBurada.BLL", "HepsiBurada.BLL\HepsiBurada.BLL.csproj", "{3F3C82BF-A148-4C9F-874A-46FFDBC09D86}"
EndProject
Project("{FAE04EC0-301F-11D3-BF4B-00C04F79EFBC}") = "HepsiBurada.WEB.UI", "HepsiBurada.WEB.UI\HepsiBurada.WEB.UI.csproj", "{3766D0CA-70C2-4470-AA72-E263F300DE0B}"
EndProject
Global
	GlobalSection(SolutionConfigurationPlatforms) = preSolution
		Debug|Any CPU = Debug|Any CPU
		Release|Any CPU = Release|Any CPU
	EndGlobalSection
	GlobalSection(ProjectConfigurationPlatforms) = postSolution
		{4DE5DD57-FA41-438E-A6F9-39DD85D96AC7}.Debug|Any CPU.ActiveCfg = Debug|Any CPU
		{4DE5DD57-FA41-438E-A6F9-39DD85D96AC7}.Debug|Any CPU.Build.0 = Debug|Any CPU
		{4DE5DD57-FA41-438E-A6F9-39DD85D96AC7}.Release|Any CPU.ActiveCfg = Release|Any CPU
		{4DE5DD57-FA41-438E-A6F9-39DD85D96AC7}.Release|Any CPU.Build.0 = Release|Any CPU
		{039DB573-685A-4E27-963F-42058E09B740}.Debug|Any CPU.ActiveCfg = Debug|Any CPU
		{039DB573-685A-4E27-963F-42058E09B740}.Debug|Any CPU.Build.0 = Debug|Any CPU
		{039DB573-685A-4E27-963F-42058E09B740}.Release|Any CPU.ActiveCfg = Release|Any CPU
		{039DB573-685A-4E27-963F-42058E09B740}.Release|Any CPU.Build.0 = Release|Any CPU
		{3F3C82BF-A148-4C9F-874A-46FFDBC09D86}.Debug|Any CPU.ActiveCfg = Debug|Any CPU
		{3F3C82BF-A148-4C9F-874A-46FFDBC09D86}.Debug|Any CPU.Build.0 = Debug|Any CPU
		{3F3C82BF-A148-4C9F-874A-46FFDBC09D86}.Release|Any CPU.ActiveCfg = Release|Any CPU
		{3F3C82BF-A148-4C9F-874A-46FFDBC09D86}.Release|Any CPU.Build.0 = Release|Any CPU
		{3766D0CA-70C2-4470-AA72-E263F300DE0B}.Debug|Any CPU.ActiveCfg = Debug|Any CPU
		{3766D0CA-70C2-4470-AA72-E263F300DE0B}.Debug|Any CPU.Build.0 = Debug|Any CPU
		{3766D0CA-70C2-4470-AA72-E263F300DE0B}.Release|Any CPU.ActiveCfg = Release|Any CPU
		{3766D0CA-70C2-4470-AA72-E263F300DE0B}.Release|Any CPU.Build.0 = Release|Any CPU
	EndGlobalSection
	GlobalSection(SolutionProperties) = preSolution
		HideSolutionNode = FALSE
	EndGlobalSection
	GlobalSection(ExtensibilityGlobals) = postSolution
		SolutionGuid = {53D6EA0B-2AEC-495C-A3D8-7B5D13D0D17F}
	EndGlobalSection
EndGlobal
